
Microsoft Visual Studio Solution File, Format Version 12.00
# Visual Studio Version 16
VisualStudioVersion = 16.0.28803.202
MinimumVisualStudioVersion = 10.0.40219.1
Project("{9A19103F-16F7-4668-BE54-9A1E7A4F7556}") = "BlazorEventPropagation", "BlazorEventPropagation.csproj", "{4C4C8F12-340C-4C9F-A544-2EB6A95D2234}"
EndProject
Global
	GlobalSection(SolutionConfigurationPlatforms) = preSolution
		Debug|Any CPU = Debug|Any CPU
		Release|Any CPU = Release|Any CPU
	EndGlobalSection
	GlobalSection(ProjectConfigurationPlatforms) = postSolution
		{4C4C8F12-340C-4C9F-A544-2EB6A95D2234}.Debug|Any CPU.ActiveCfg = Debug|Any CPU
		{4C4C8F12-340C-4C9F-A544-2EB6A95D2234}.Debug|Any CPU.Build.0 = Debug|Any CPU
		{4C4C8F12-340C-4C9F-A544-2EB6A95D2234}.Release|Any CPU.ActiveCfg = Release|Any CPU
		{4C4C8F12-340C-4C9F-A544-2EB6A95D2234}.Release|Any CPU.Build.0 = Release|Any CPU
	EndGlobalSection
	GlobalSection(SolutionProperties) = preSolution
		HideSolutionNode = FALSE
	EndGlobalSection
	GlobalSection(ExtensibilityGlobals) = postSolution
		SolutionGuid = {11DAED32-08A8-4CF3-B457-ACD5DD5F555B}
	EndGlobalSection
EndGlobal
